{
  "version": 4,
  "terraform_version": "1.9.2",
  "serial": 12,
  "lineage": "19438fbf-e2ac-ffe4-6905-84e6c5e01ac0",
  "outputs": {},
  "resources": [
    {
      "mode": "managed",
      "type": "aws_instance",
      "name": "dove_instence",
      "provider": "provider[\"registry.terraform.io/hashicorp/aws\"]",
      "instances": [
        {
          "schema_version": 1,
          "attributes": {
            "ami": "ami-0ec0e125bb6c6e8ec",
            "arn": "arn:aws:ec2:ap-south-1:533267397709:instance/i-08b2479cd72717965",
            "associate_public_ip_address": true,
            "availability_zone": "ap-south-1a",
            "capacity_reservation_specification": [
              {
                "capacity_reservation_preference": "open",
                "capacity_reservation_target": []
              }
            ],
            "cpu_core_count": 1,
            "cpu_options": [
              {
                "amd_sev_snp": "",
                "core_count": 1,
                "threads_per_core": 1
              }
            ],
            "cpu_threads_per_core": 1,
            "credit_specification": [
              {
                "cpu_credits": "standard"
              }
            ],
            "disable_api_stop": false,
            "disable_api_termination": false,
            "ebs_block_device": [],
            "ebs_optimized": false,
            "enclave_options": [
              {
                "enabled": false
              }
            ],
            "ephemeral_block_device": [],
            "get_password_data": false,
            "hibernation": false,
            "host_id": "",
            "host_resource_group_arn": null,
            "iam_instance_profile": "",
            "id": "i-08b2479cd72717965",
            "instance_initiated_shutdown_behavior": "stop",
            "instance_lifecycle": "",
            "instance_market_options": [],
            "instance_state": "running",
            "instance_type": "t2.micro",
            "ipv6_address_count": 0,
            "ipv6_addresses": [],
            "key_name": "dovekey",
            "launch_template": [],
            "maintenance_options": [
              {
                "auto_recovery": "default"
              }
            ],
            "metadata_options": [
              {
                "http_endpoint": "enabled",
                "http_protocol_ipv6": "disabled",
                "http_put_response_hop_limit": 2,
                "http_tokens": "required",
                "instance_metadata_tags": "disabled"
              }
            ],
            "monitoring": false,
            "network_interface": [],
            "outpost_arn": "",
            "password_data": "",
            "placement_group": "",
            "placement_partition_number": 0,
            "primary_network_interface_id": "eni-03fa2a3bd01a77752",
            "private_dns": "ip-172-31-46-231.ap-south-1.compute.internal",
            "private_dns_name_options": [
              {
                "enable_resource_name_dns_a_record": false,
                "enable_resource_name_dns_aaaa_record": false,
                "hostname_type": "ip-name"
              }
            ],
            "private_ip": "172.31.46.231",
            "public_dns": "ec2-13-235-132-10.ap-south-1.compute.amazonaws.com",
            "public_ip": "13.235.132.10",
            "root_block_device": [
              {
                "delete_on_termination": true,
                "device_name": "/dev/xvda",
                "encrypted": false,
                "iops": 3000,
                "kms_key_id": "",
                "tags": {},
                "tags_all": {},
                "throughput": 125,
                "volume_id": "vol-0a8a697876e25ca99",
                "volume_size": 8,
                "volume_type": "gp3"
              }
            ],
            "secondary_private_ips": [],
            "security_groups": [
              "default"
            ],
            "source_dest_check": true,
            "spot_instance_request_id": "",
            "subnet_id": "subnet-02f40e16b54b7098b",
            "tags": {
              "Name": "Terrafrom_server-01",
              "project": "Terraform project"
            },
            "tags_all": {
              "Name": "Terrafrom_server-01",
              "project": "Terraform project"
            },
            "tenancy": "default",
            "timeouts": null,
            "user_data": null,
            "user_data_base64": null,
            "user_data_replace_on_change": false,
            "volume_tags": null,
            "vpc_security_group_ids": [
              "sg-00314af27c6b53087"
            ]
          },
          "sensitive_attributes": [],
          "private": "eyJlMmJmYjczMC1lY2FhLTExZTYtOGY4OC0zNDM2M2JjN2M0YzAiOnsiY3JlYXRlIjo2MDAwMDAwMDAwMDAsImRlbGV0ZSI6MTIwMDAwMDAwMDAwMCwicmVhZCI6OTAwMDAwMDAwMDAwLCJ1cGRhdGUiOjYwMDAwMDAwMDAwMH0sInNjaGVtYV92ZXJzaW9uIjoiMSJ9",
          "dependencies": [
            "aws_key_pair.dove-key"
          ]
        }
      ]
    },
    {
      "mode": "managed",
      "type": "aws_key_pair",
      "name": "dove-key",
      "provider": "provider[\"registry.terraform.io/hashicorp/aws\"]",
      "instances": [
        {
          "schema_version": 1,
          "attributes": {
            "arn": "arn:aws:ec2:ap-south-1:533267397709:key-pair/dovekey",
            "fingerprint": "37:85:8f:ee:3b:43:58:1a:b5:28:b2:69:99:0b:ac:96",
            "id": "dovekey",
            "key_name": "dovekey",
            "key_name_prefix": "",
            "key_pair_id": "key-09798dbf5b6dfdbe4",
            "key_type": "rsa",
            "public_key": "ssh-rsa AAAAB3NzaC1yc2EAAAADAQABAAABgQDQWvQCc2XekPciy+0C0e3WGV5O/FETYQVgq8XiOhApQi242F24eqv+5bJJIMBASluJv+6huWWTIKQaqQm/pLXPp8mratYXLX9rnfFh2YB9cO49N5bfChXart5gSbX6kjZHX01gLaYs88H4o5UMyC1N7NWKWYk4iudmBkLpaTul9U1LGh2mK7Ivjrv6vBTKmTqjPb5+aRa0iXrBuVK35BkBm4qTy6dAfW+JHz4KyE6EggmbBVSLKi2O+r20lMWPnH1tLoVc4eWWBu3miu1iOQYsYKwirvvXVEhdiGcbA+urw/OOQzvsTtlrL5IMj1cnSKbzxVxRg/Yx8UkhblEWJcUztWO9JZoPzgKR2Ypb6qYSZ4nabu5DU8nNSzOfIMTmG9YDXwESDPx9ySIhWahVAt+DgBTun+Vfjs1iUdNfsqqTbmKJWmDL/5rnIc5e3UPTsDeD6tbAiD/XBls6MMoylh92Oo8yqHA5Nddnr3wdqW0OM6hTaGyhOU+izByVLE+d5UE= reddy@Aadhya",
            "tags": {},
            "tags_all": {}
          },
          "sensitive_attributes": [],
          "private": "eyJzY2hlbWFfdmVyc2lvbiI6IjEifQ=="
        }
      ]
    }
  ],
  "check_results": null
}
